Microsoft Visual Studio Solution File, Format Version 11.00
# Visual Studio 2008

Project("{8C11B474-82AC-CF91-6C77-D36B466044A2}") = "kstr", "Assembly-CSharp.csproj", "{6C4941E7-0845-13C6-10B4-48781FF9D9E3}"
EndProject
Project("{8C11B474-82AC-CF91-6C77-D36B466044A2}") = "kstr", "Assembly-CSharp-Editor.csproj", "{F824A382-4018-2434-3E21-7FFA0ECF42F7}"
EndProject
Global
	GlobalSection(SolutionConfigurationPlatforms) = preSolution
		Debug|Any CPU = Debug|Any CPU
		Release|Any CPU = Release|Any CPU
	EndGlobalSection
	GlobalSection(ProjectConfigurationPlatforms) = postSolution
		{6C4941E7-0845-13C6-10B4-48781FF9D9E3}.Debug|Any CPU.ActiveCfg = Debug|Any CPU
		{6C4941E7-0845-13C6-10B4-48781FF9D9E3}.Debug|Any CPU.Build.0 = Debug|Any CPU
		{6C4941E7-0845-13C6-10B4-48781FF9D9E3}.Release|Any CPU.ActiveCfg = Release|Any CPU
		{6C4941E7-0845-13C6-10B4-48781FF9D9E3}.Release|Any CPU.Build.0 = Release|Any CPU
		{F824A382-4018-2434-3E21-7FFA0ECF42F7}.Debug|Any CPU.ActiveCfg = Debug|Any CPU
		{F824A382-4018-2434-3E21-7FFA0ECF42F7}.Debug|Any CPU.Build.0 = Debug|Any CPU
		{F824A382-4018-2434-3E21-7FFA0ECF42F7}.Release|Any CPU.ActiveCfg = Release|Any CPU
		{F824A382-4018-2434-3E21-7FFA0ECF42F7}.Release|Any CPU.Build.0 = Release|Any CPU
	EndGlobalSection
	GlobalSection(SolutionProperties) = preSolution
		HideSolutionNode = FALSE
	EndGlobalSection
	GlobalSection(MonoDevelopProperties) = preSolution
		StartupItem = Assembly-CSharp.csproj
	EndGlobalSection
EndGlobal
