
Microsoft Visual Studio Solution File, Format Version 12.00
# Visual Studio 2015
Project("{FAE04EC0-301F-11D3-BF4B-00C04F79EFBC}") = "kstr.CSharp", "kstr.CSharp.csproj", "{F08E35DF-6B33-5F6E-0871-76CE8A7967A8}"
EndProject
Project("{FAE04EC0-301F-11D3-BF4B-00C04F79EFBC}") = "kstr.CSharp.Editor", "kstr.CSharp.Editor.csproj", "{6BDC9599-30D3-041A-8CA4-16C1722BDDD9}"
EndProject
Global
	GlobalSection(SolutionConfigurationPlatforms) = preSolution
		Debug|Any CPU = Debug|Any CPU
		Release|Any CPU = Release|Any CPU
	EndGlobalSection
	GlobalSection(ProjectConfigurationPlatforms) = postSolution
		{F08E35DF-6B33-5F6E-0871-76CE8A7967A8}.Debug|Any CPU.ActiveCfg = Debug|Any CPU
		{F08E35DF-6B33-5F6E-0871-76CE8A7967A8}.Debug|Any CPU.Build.0 = Debug|Any CPU
		{F08E35DF-6B33-5F6E-0871-76CE8A7967A8}.Release|Any CPU.ActiveCfg = Release|Any CPU
		{F08E35DF-6B33-5F6E-0871-76CE8A7967A8}.Release|Any CPU.Build.0 = Release|Any CPU
		{6BDC9599-30D3-041A-8CA4-16C1722BDDD9}.Debug|Any CPU.ActiveCfg = Debug|Any CPU
		{6BDC9599-30D3-041A-8CA4-16C1722BDDD9}.Debug|Any CPU.Build.0 = Debug|Any CPU
		{6BDC9599-30D3-041A-8CA4-16C1722BDDD9}.Release|Any CPU.ActiveCfg = Release|Any CPU
		{6BDC9599-30D3-041A-8CA4-16C1722BDDD9}.Release|Any CPU.Build.0 = Release|Any CPU
	EndGlobalSection
	GlobalSection(SolutionProperties) = preSolution
		HideSolutionNode = FALSE
	EndGlobalSection
EndGlobal
